
Microsoft Visual Studio Solution File, Format Version 12.00
# Visual Studio Version 16
VisualStudioVersion = 16.0.30804.86
MinimumVisualStudioVersion = 10.0.40219.1
Project("{FAE04EC0-301F-11D3-BF4B-00C04F79EFBC}") = "LaCasa_HCI", "LaCasa_HCI\LaCasa_HCI.csproj", "{4540F328-C3C1-42E6-AC13-8DF1E8ACC5C5}"
EndProject
Global
	GlobalSection(SolutionConfigurationPlatforms) = preSolution
		Debug|Any CPU = Debug|Any CPU
		Release|Any CPU = Release|Any CPU
	EndGlobalSection
	GlobalSection(ProjectConfigurationPlatforms) = postSolution
		{4540F328-C3C1-42E6-AC13-8DF1E8ACC5C5}.Debug|Any CPU.ActiveCfg = Debug|Any CPU
		{4540F328-C3C1-42E6-AC13-8DF1E8ACC5C5}.Debug|Any CPU.Build.0 = Debug|Any CPU
		{4540F328-C3C1-42E6-AC13-8DF1E8ACC5C5}.Release|Any CPU.ActiveCfg = Release|Any CPU
		{4540F328-C3C1-42E6-AC13-8DF1E8ACC5C5}.Release|Any CPU.Build.0 = Release|Any CPU
	EndGlobalSection
	GlobalSection(SolutionProperties) = preSolution
		HideSolutionNode = FALSE
	EndGlobalSection
	GlobalSection(ExtensibilityGlobals) = postSolution
		SolutionGuid = {5702AF85-167C-4ED7-B612-8A56A94E0635}
	EndGlobalSection
EndGlobal
